
Microsoft Visual Studio Solution File, Format Version 12.00
# Visual Studio 14
VisualStudioVersion = 14.0.25420.1
MinimumVisualStudioVersion = 10.0.40219.1
Project("{8BC9CEB8-8B4A-11D0-8D11-00A0C91BC942}") = "HelloGitHub", "HelloGitHub\HelloGitHub.vcxproj", "{5F0262E9-E571-4D9F-B381-239B77EC4377}"
EndProject
Project("{8BC9CEB8-8B4A-11D0-8D11-00A0C91BC942}") = "RandomEnemyGenerator", "RandomEnemyGenerator\RandomEnemyGenerator.vcxproj", "{AE0A3FC5-03AC-42F2-9E96-B769A26B748A}"
EndProject
Project("{8BC9CEB8-8B4A-11D0-8D11-00A0C91BC942}") = "TheWalkingDead", "TheWalkingDead\TheWalkingDead.vcxproj", "{19E8509A-C4E6-4C27-92B3-E22E421C5616}"
EndProject
Project("{8BC9CEB8-8B4A-11D0-8D11-00A0C91BC942}") = "Testing", "Testing\Testing.vcxproj", "{9746CCB3-EBDF-4B99-B671-7F5A1729F6E4}"
EndProject
Global
	GlobalSection(SolutionConfigurationPlatforms) = preSolution
		Debug|x64 = Debug|x64
		Debug|x86 = Debug|x86
		Release|x64 = Release|x64
		Release|x86 = Release|x86
	EndGlobalSection
	GlobalSection(ProjectConfigurationPlatforms) = postSolution
		{5F0262E9-E571-4D9F-B381-239B77EC4377}.Debug|x64.ActiveCfg = Debug|x64
		{5F0262E9-E571-4D9F-B381-239B77EC4377}.Debug|x64.Build.0 = Debug|x64
		{5F0262E9-E571-4D9F-B381-239B77EC4377}.Debug|x86.ActiveCfg = Debug|Win32
		{5F0262E9-E571-4D9F-B381-239B77EC4377}.Debug|x86.Build.0 = Debug|Win32
		{5F0262E9-E571-4D9F-B381-239B77EC4377}.Release|x64.ActiveCfg = Release|x64
		{5F0262E9-E571-4D9F-B381-239B77EC4377}.Release|x64.Build.0 = Release|x64
		{5F0262E9-E571-4D9F-B381-239B77EC4377}.Release|x86.ActiveCfg = Release|Win32
		{5F0262E9-E571-4D9F-B381-239B77EC4377}.Release|x86.Build.0 = Release|Win32
		{AE0A3FC5-03AC-42F2-9E96-B769A26B748A}.Debug|x64.ActiveCfg = Debug|x64
		{AE0A3FC5-03AC-42F2-9E96-B769A26B748A}.Debug|x64.Build.0 = Debug|x64
		{AE0A3FC5-03AC-42F2-9E96-B769A26B748A}.Debug|x86.ActiveCfg = Debug|Win32
		{AE0A3FC5-03AC-42F2-9E96-B769A26B748A}.Debug|x86.Build.0 = Debug|Win32
		{AE0A3FC5-03AC-42F2-9E96-B769A26B748A}.Release|x64.ActiveCfg = Release|x64
		{AE0A3FC5-03AC-42F2-9E96-B769A26B748A}.Release|x64.Build.0 = Release|x64
		{AE0A3FC5-03AC-42F2-9E96-B769A26B748A}.Release|x86.ActiveCfg = Release|Win32
		{AE0A3FC5-03AC-42F2-9E96-B769A26B748A}.Release|x86.Build.0 = Release|Win32
		{19E8509A-C4E6-4C27-92B3-E22E421C5616}.Debug|x64.ActiveCfg = Debug|x64
		{19E8509A-C4E6-4C27-92B3-E22E421C5616}.Debug|x64.Build.0 = Debug|x64
		{19E8509A-C4E6-4C27-92B3-E22E421C5616}.Debug|x86.ActiveCfg = Debug|Win32
		{19E8509A-C4E6-4C27-92B3-E22E421C5616}.Debug|x86.Build.0 = Debug|Win32
		{19E8509A-C4E6-4C27-92B3-E22E421C5616}.Release|x64.ActiveCfg = Release|x64
		{19E8509A-C4E6-4C27-92B3-E22E421C5616}.Release|x64.Build.0 = Release|x64
		{19E8509A-C4E6-4C27-92B3-E22E421C5616}.Release|x86.ActiveCfg = Release|Win32
		{19E8509A-C4E6-4C27-92B3-E22E421C5616}.Release|x86.Build.0 = Release|Win32
		{9746CCB3-EBDF-4B99-B671-7F5A1729F6E4}.Debug|x64.ActiveCfg = Debug|x64
		{9746CCB3-EBDF-4B99-B671-7F5A1729F6E4}.Debug|x64.Build.0 = Debug|x64
		{9746CCB3-EBDF-4B99-B671-7F5A1729F6E4}.Debug|x86.ActiveCfg = Debug|Win32
		{9746CCB3-EBDF-4B99-B671-7F5A1729F6E4}.Debug|x86.Build.0 = Debug|Win32
		{9746CCB3-EBDF-4B99-B671-7F5A1729F6E4}.Release|x64.ActiveCfg = Release|x64
		{9746CCB3-EBDF-4B99-B671-7F5A1729F6E4}.Release|x64.Build.0 = Release|x64
		{9746CCB3-EBDF-4B99-B671-7F5A1729F6E4}.Release|x86.ActiveCfg = Release|Win32
		{9746CCB3-EBDF-4B99-B671-7F5A1729F6E4}.Release|x86.Build.0 = Release|Win32
	EndGlobalSection
	GlobalSection(SolutionProperties) = preSolution
		HideSolutionNode = FALSE
	EndGlobalSection
EndGlobal
